// !$*UTF8*$!
{
	archiveVersion = 1;
	classes = {
	};
	objectVersion = 56;
	objects = {

/* Begin PBXBuildFile section */
		4AB1D6772A1E5D3500224211 /* AppDelegate.swift in Sources */ = {isa = PBXBuildFile; fileRef = 4AB1D6762A1E5D3500224211 /* AppDelegate.swift */; };
		4AB1D6792A1E5D3500224211 /* SceneDelegate.swift in Sources */ = {isa = PBXBuildFile; fileRef = 4AB1D6782A1E5D3500224211 /* SceneDelegate.swift */; };
		4AB1D67B2A1E5D3500224211 /* ViewController.swift in Sources */ = {isa = PBXBuildFile; fileRef = 4AB1D67A2A1E5D3500224211 /* ViewController.swift */; };
		4AB1D67E2A1E5D3500224211 /* Main.storyboard in Resources */ = {isa = PBXBuildFile; fileRef = 4AB1D67C2A1E5D3500224211 /* Main.storyboard */; };
		4AB1D6802A1E5D3600224211 /* Assets.xcassets in Resources */ = {isa = PBXBuildFile; fileRef = 4AB1D67F2A1E5D3600224211 /* Assets.xcassets */; };
		4AB1D6832A1E5D3600224211 /* LaunchScreen.storyboard in Resources */ = {isa = PBXBuildFile; fileRef = 4AB1D6812A1E5D3600224211 /* LaunchScreen.storyboard */; };
		4AB1D68D2A1E5F0500224211 /* ViewModel.swift in Sources */ = {isa = PBXBuildFile; fileRef = 4AB1D68C2A1E5F0500224211 /* ViewModel.swift */; };
		DAFBDA8977E9DBC1F03E1EF6 /* Pods_ExDataSource.framework in Frameworks */ = {isa = PBXBuildFile; fileRef = DA05F65A79C3C59DC1AA280E /* Pods_ExDataSource.framework */; };
/* End PBXBuildFile section */

/* Begin PBXFileReference section */
		29BE122E74519BE527E37582 /* Pods-ExDataSource.release.xcconfig */ = {isa = PBXFileReference; includeInIndex = 1; lastKnownFileType = text.xcconfig; name = "Pods-ExDataSource.release.xcconfig"; path = "Target Support Files/Pods-ExDataSource/Pods-ExDataSource.release.xcconfig"; sourceTree = "<group>"; };
		4AB1D6732A1E5D3500224211 /* ExDataSource.app */ = {isa = PBXFileReference; explicitFileType = wrapper.application; includeInIndex = 0; path = ExDataSource.app; sourceTree = BUILT_PRODUCTS_DIR; };
		4AB1D6762A1E5D3500224211 /* AppDelegate.swift */ = {isa = PBXFileReference; lastKnownFileType = sourcecode.swift; path = AppDelegate.swift; sourceTree = "<group>"; };
		4AB1D6782A1E5D3500224211 /* SceneDelegate.swift */ = {isa = PBXFileReference; lastKnownFileType = sourcecode.swift; path = SceneDelegate.swift; sourceTree = "<group>"; };
		4AB1D67A2A1E5D3500224211 /* ViewController.swift */ = {isa = PBXFileReference; lastKnownFileType = sourcecode.swift; path = ViewController.swift; sourceTree = "<group>"; };
		4AB1D67D2A1E5D3500224211 /* Base */ = {isa = PBXFileReference; lastKnownFileType = file.storyboard; name = Base; path = Base.lproj/Main.storyboard; sourceTree = "<group>"; };
		4AB1D67F2A1E5D3600224211 /* Assets.xcassets */ = {isa = PBXFileReference; lastKnownFileType = folder.assetcatalog; path = Assets.xcassets; sourceTree = "<group>"; };
		4AB1D6822A1E5D3600224211 /* Base */ = {isa = PBXFileReference; lastKnownFileType = file.storyboard; name = Base; path = Base.lproj/LaunchScreen.storyboard; sourceTree = "<group>"; };
		4AB1D6842A1E5D3600224211 /* Info.plist */ = {isa = PBXFileReference; lastKnownFileType = text.plist.xml; path = Info.plist; sourceTree = "<group>"; };
		4AB1D68C2A1E5F0500224211 /* ViewModel.swift */ = {isa = PBXFileReference; lastKnownFileType = sourcecode.swift; path = ViewModel.swift; sourceTree = "<group>"; };
		BA830BFE2C38CF57CA511132 /* Pods-ExDataSource.debug.xcconfig */ = {isa = PBXFileReference; includeInIndex = 1; lastKnownFileType = text.xcconfig; name = "Pods-ExDataSource.debug.xcconfig"; path = "Target Support Files/Pods-ExDataSource/Pods-ExDataSource.debug.xcconfig"; sourceTree = "<group>"; };
		DA05F65A79C3C59DC1AA280E /* Pods_ExDataSource.framework */ = {isa = PBXFileReference; explicitFileType = wrapper.framework; includeInIndex = 0; path = Pods_ExDataSource.framework; sourceTree = BUILT_PRODUCTS_DIR; };
/* End PBXFileReference section */

/* Begin PBXFrameworksBuildPhase section */
		4AB1D6702A1E5D3500224211 /* Frameworks */ = {
			isa = PBXFrameworksBuildPhase;
			buildActionMask = 2147483647;
			files = (
				DAFBDA8977E9DBC1F03E1EF6 /* Pods_ExDataSource.framework in Frameworks */,
			);
			runOnlyForDeploymentPostprocessing = 0;
		};
/* End PBXFrameworksBuildPhase section */

/* Begin PBXGroup section */
		4AB1D66A2A1E5D3500224211 = {
			isa = PBXGroup;
			children = (
				4AB1D6752A1E5D3500224211 /* ExDataSource */,
				4AB1D6742A1E5D3500224211 /* Products */,
				4BB2837E965BAB4504DEF15B /* Pods */,
				F26F7D35434C872D8250AFCB /* Frameworks */,
			);
			sourceTree = "<group>";
		};
		4AB1D6742A1E5D3500224211 /* Products */ = {
			isa = PBXGroup;
			children = (
				4AB1D6732A1E5D3500224211 /* ExDataSource.app */,
			);
			name = Products;
			sourceTree = "<group>";
		};
		4AB1D6752A1E5D3500224211 /* ExDataSource */ = {
			isa = PBXGroup;
			children = (
				4AB1D6762A1E5D3500224211 /* AppDelegate.swift */,
				4AB1D6782A1E5D3500224211 /* SceneDelegate.swift */,
				4AB1D67A2A1E5D3500224211 /* ViewController.swift */,
				4AB1D68C2A1E5F0500224211 /* ViewModel.swift */,
				4AB1D67C2A1E5D3500224211 /* Main.storyboard */,
				4AB1D67F2A1E5D3600224211 /* Assets.xcassets */,
				4AB1D6812A1E5D3600224211 /* LaunchScreen.storyboard */,
				4AB1D6842A1E5D3600224211 /* Info.plist */,
			);
			path = ExDataSource;
			sourceTree = "<group>";
		};
		4BB2837E965BAB4504DEF15B /* Pods */ = {
			isa = PBXGroup;
			children = (
				BA830BFE2C38CF57CA511132 /* Pods-ExDataSource.debug.xcconfig */,
				29BE122E74519BE527E37582 /* Pods-ExDataSource.release.xcconfig */,
			);
			path = Pods;
			sourceTree = "<group>";
		};
		F26F7D35434C872D8250AFCB /* Frameworks */ = {
			isa = PBXGroup;
			children = (
				DA05F65A79C3C59DC1AA280E /* Pods_ExDataSource.framework */,
			);
			name = Frameworks;
			sourceTree = "<group>";
		};
/* End PBXGroup section */

/* Begin PBXNativeTarget section */
		4AB1D6722A1E5D3500224211 /* ExDataSource */ = {
			isa = PBXNativeTarget;
			buildConfigurationList = 4AB1D6872A1E5D3600224211 /* Build configuration list for PBXNativeTarget "ExDataSource" */;
			buildPhases = (
				41DD4D06106A3284D7BCF345 /* [CP] Check Pods Manifest.lock */,
				4AB1D66F2A1E5D3500224211 /* Sources */,
				4AB1D6702A1E5D3500224211 /* Frameworks */,
				4AB1D6712A1E5D3500224211 /* Resources */,
				E2F7F933732E78A2B07B884E /* [CP] Embed Pods Frameworks */,
			);
			buildRules = (
			);
			dependencies = (
			);
			name = ExDataSource;
			productName = ExDataSource;
			productReference = 4AB1D6732A1E5D3500224211 /* ExDataSource.app */;
			productType = "com.apple.product-type.application";
		};
/* End PBXNativeTarget section */

/* Begin PBXProject section */
		4AB1D66B2A1E5D3500224211 /* Project object */ = {
			isa = PBXProject;
			attributes = {
				BuildIndependentTargetsInParallel = 1;
				LastSwiftUpdateCheck = 1430;
				LastUpgradeCheck = 1430;
				TargetAttributes = {
					4AB1D6722A1E5D3500224211 = {
						CreatedOnToolsVersion = 14.3;
					};
				};
			};
			buildConfigurationList = 4AB1D66E2A1E5D3500224211 /* Build configuration list for PBXProject "ExDataSource" */;
			compatibilityVersion = "Xcode 14.0";
			developmentRegion = en;
			hasScannedForEncodings = 0;
			knownRegions = (
				en,
				Base,
			);
			mainGroup = 4AB1D66A2A1E5D3500224211;
			productRefGroup = 4AB1D6742A1E5D3500224211 /* Products */;
			projectDirPath = "";
			projectRoot = "";
			targets = (
				4AB1D6722A1E5D3500224211 /* ExDataSource */,
			);
		};
/* End PBXProject section */

/* Begin PBXResourcesBuildPhase section */
		4AB1D6712A1E5D3500224211 /* Resources */ = {
			isa = PBXResourcesBuildPhase;
			buildActionMask = 2147483647;
			files = (
				4AB1D6832A1E5D3600224211 /* LaunchScreen.storyboard in Resources */,
				4AB1D6802A1E5D3600224211 /* Assets.xcassets in Resources */,
				4AB1D67E2A1E5D3500224211 /* Main.storyboard in Resources */,
			);
			runOnlyForDeploymentPostprocessing = 0;
		};
/* End PBXResourcesBuildPhase section */

/* Begin PBXShellScriptBuildPhase section */
		41DD4D06106A3284D7BCF345 /* [CP] Check Pods Manifest.lock */ = {
			isa = PBXShellScriptBuildPhase;
			buildActionMask = 2147483647;
			files = (
			);
			inputFileListPaths = (
			);
			inputPaths = (
				"${PODS_PODFILE_DIR_PATH}/Podfile.lock",
				"${PODS_ROOT}/Manifest.lock",
			);
			name = "[CP] Check Pods Manifest.lock";
			outputFileListPaths = (
			);
			outputPaths = (
				"$(DERIVED_FILE_DIR)/Pods-ExDataSource-checkManifestLockResult.txt",
			);
			runOnlyForDeploymentPostprocessing = 0;
			shellPath = /bin/sh;
			shellScript = "diff \"${PODS_PODFILE_DIR_PATH}/Podfile.lock\" \"${PODS_ROOT}/Manifest.lock\" > /dev/null\nif [ $? != 0 ] ; then\n    # print error to STDERR\n    echo \"error: The sandbox is not in sync with the Podfile.lock. Run 'pod install' or update your CocoaPods installation.\" >&2\n    exit 1\nfi\n# This output is used by Xcode 'outputs' to avoid re-running this script phase.\necho \"SUCCESS\" > \"${SCRIPT_OUTPUT_FILE_0}\"\n";
			showEnvVarsInLog = 0;
		};
		E2F7F933732E78A2B07B884E /* [CP] Embed Pods Frameworks */ = {
			isa = PBXShellScriptBuildPhase;
			buildActionMask = 2147483647;
			files = (
			);
			inputFileListPaths = (
				"${PODS_ROOT}/Target Support Files/Pods-ExDataSource/Pods-ExDataSource-frameworks-${CONFIGURATION}-input-files.xcfilelist",
			);
			name = "[CP] Embed Pods Frameworks";
			outputFileListPaths = (
				"${PODS_ROOT}/Target Support Files/Pods-ExDataSource/Pods-ExDataSource-frameworks-${CONFIGURATION}-output-files.xcfilelist",
			);
			runOnlyForDeploymentPostprocessing = 0;
			shellPath = /bin/sh;
			shellScript = "\"${PODS_ROOT}/Target Support Files/Pods-ExDataSource/Pods-ExDataSource-frameworks.sh\"\n";
			showEnvVarsInLog = 0;
		};
/* End PBXShellScriptBuildPhase section */

/* Begin PBXSourcesBuildPhase section */
		4AB1D66F2A1E5D3500224211 /* Sources */ = {
			isa = PBXSourcesBuildPhase;
			buildActionMask = 2147483647;
			files = (
				4AB1D67B2A1E5D3500224211 /* ViewController.swift in Sources */,
				4AB1D6772A1E5D3500224211 /* AppDelegate.swift in Sources */,
				4AB1D6792A1E5D3500224211 /* SceneDelegate.swift in Sources */,
				4AB1D68D2A1E5F0500224211 /* ViewModel.swift in Sources */,
			);
			runOnlyForDeploymentPostprocessing = 0;
		};
/* End PBXSourcesBuildPhase section */

/* Begin PBXVariantGroup section */
		4AB1D67C2A1E5D3500224211 /* Main.storyboard */ = {
			isa = PBXVariantGroup;
			children = (
				4AB1D67D2A1E5D3500224211 /* Base */,
			);
			name = Main.storyboard;
			sourceTree = "<group>";
		};
		4AB1D6812A1E5D3600224211 /* LaunchScreen.storyboard */ = {
			isa = PBXVariantGroup;
			children = (
				4AB1D6822A1E5D3600224211 /* Base */,
			);
			name = LaunchScreen.storyboard;
			sourceTree = "<group>";
		};
/* End PBXVariantGroup section */

/* Begin XCBuildConfiguration section */
		4AB1D6852A1E5D3600224211 /* Debug */ = {
			isa = XCBuildConfiguration;
			buildSettings = {
				ALWAYS_SEARCH_USER_PATHS = NO;
				CLANG_ANALYZER_NONNULL = YES;
				CLANG_ANALYZER_NUMBER_OBJECT_CONVERSION = YES_AGGRESSIVE;
				CLANG_CXX_LANGUAGE_STANDARD = "gnu++20";
				CLANG_ENABLE_MODULES = YES;
				CLANG_ENABLE_OBJC_ARC = YES;
				CLANG_ENABLE_OBJC_WEAK = YES;
				CLANG_WARN_BLOCK_CAPTURE_AUTORELEASING = YES;
				CLANG_WARN_BOOL_CONVERSION = YES;
				CLANG_WARN_COMMA = YES;
				CLANG_WARN_CONSTANT_CONVERSION = YES;
				CLANG_WARN_DEPRECATED_OBJC_IMPLEMENTATIONS = YES;
				CLANG_WARN_DIRECT_OBJC_ISA_USAGE = YES_ERROR;
				CLANG_WARN_DOCUMENTATION_COMMENTS = YES;
				CLANG_WARN_EMPTY_BODY = YES;
				CLANG_WARN_ENUM_CONVERSION = YES;
				CLANG_WARN_INFINITE_RECURSION = YES;
				CLANG_WARN_INT_CONVERSION = YES;
				CLANG_WARN_NON_LITERAL_NULL_CONVERSION = YES;
				CLANG_WARN_OBJC_IMPLICIT_RETAIN_SELF = YES;
				CLANG_WARN_OBJC_LITERAL_CONVERSION = YES;
				CLANG_WARN_OBJC_ROOT_CLASS = YES_ERROR;
				CLANG_WARN_QUOTED_INCLUDE_IN_FRAMEWORK_HEADER = YES;
				CLANG_WARN_RANGE_LOOP_ANALYSIS = YES;
				CLANG_WARN_STRICT_PROTOTYPES = YES;
				CLANG_WARN_SUSPICIOUS_MOVE = YES;
				CLANG_WARN_UNGUARDED_AVAILABILITY = YES_AGGRESSIVE;
				CLANG_WARN_UNREACHABLE_CODE = YES;
				CLANG_WARN__DUPLICATE_METHOD_MATCH = YES;
				COPY_PHASE_STRIP = NO;
				DEBUG_INFORMATION_FORMAT = dwarf;
				ENABLE_STRICT_OBJC_MSGSEND = YES;
				ENABLE_TESTABILITY = YES;
				GCC_C_LANGUAGE_STANDARD = gnu11;
				GCC_DYNAMIC_NO_PIC = NO;
				GCC_NO_COMMON_BLOCKS = YES;
				GCC_OPTIMIZATION_LEVEL = 0;
				GCC_PREPROCESSOR_DEFINITIONS = (
					"DEBUG=1",
					"$(inherited)",
				);
				GCC_WARN_64_TO_32_BIT_CONVERSION = YES;
				GCC_WARN_ABOUT_RETURN_TYPE = YES_ERROR;
				GCC_WARN_UNDECLARED_SELECTOR = YES;
				GCC_WARN_UNINITIALIZED_AUTOS = YES_AGGRESSIVE;
				GCC_WARN_UNUSED_FUNCTION = YES;
				GCC_WARN_UNUSED_VARIABLE = YES;
				IPHONEOS_DEPLOYMENT_TARGET = 16.4;
				MTL_ENABLE_DEBUG_INFO = INCLUDE_SOURCE;
				MTL_FAST_MATH = YES;
				ONLY_ACTIVE_ARCH = YES;
				SDKROOT = iphoneos;
				SWIFT_ACTIVE_COMPILATION_CONDITIONS = DEBUG;
				SWIFT_OPTIMIZATION_LEVEL = "-Onone";
			};
			name = Debug;
		};
		4AB1D6862A1E5D3600224211 /* Release */ = {
			isa = XCBuildConfiguration;
			buildSettings = {
				ALWAYS_SEARCH_USER_PATHS = NO;
				CLANG_ANALYZER_NONNULL = YES;
				CLANG_ANALYZER_NUMBER_OBJECT_CONVERSION = YES_AGGRESSIVE;
				CLANG_CXX_LANGUAGE_STANDARD = "gnu++20";
				CLANG_ENABLE_MODULES = YES;
				CLANG_ENABLE_OBJC_ARC = YES;
				CLANG_ENABLE_OBJC_WEAK = YES;
				CLANG_WARN_BLOCK_CAPTURE_AUTORELEASING = YES;
				CLANG_WARN_BOOL_CONVERSION = YES;
				CLANG_WARN_COMMA = YES;
				CLANG_WARN_CONSTANT_CONVERSION = YES;
				CLANG_WARN_DEPRECATED_OBJC_IMPLEMENTATIONS = YES;
				CLANG_WARN_DIRECT_OBJC_ISA_USAGE = YES_ERROR;
				CLANG_WARN_DOCUMENTATION_COMMENTS = YES;
				CLANG_WARN_EMPTY_BODY = YES;
				CLANG_WARN_ENUM_CONVERSION = YES;
				CLANG_WARN_INFINITE_RECURSION = YES;
				CLANG_WARN_INT_CONVERSION = YES;
				CLANG_WARN_NON_LITERAL_NULL_CONVERSION = YES;
				CLANG_WARN_OBJC_IMPLICIT_RETAIN_SELF = YES;
				CLANG_WARN_OBJC_LITERAL_CONVERSION = YES;
				CLANG_WARN_OBJC_ROOT_CLASS = YES_ERROR;
				CLANG_WARN_QUOTED_INCLUDE_IN_FRAMEWORK_HEADER = YES;
				CLANG_WARN_RANGE_LOOP_ANALYSIS = YES;
				CLANG_WARN_STRICT_PROTOTYPES = YES;
				CLANG_WARN_SUSPICIOUS_MOVE = YES;
				CLANG_WARN_UNGUARDED_AVAILABILITY = YES_AGGRESSIVE;
				CLANG_WARN_UNREACHABLE_CODE = YES;
				CLANG_WARN__DUPLICATE_METHOD_MATCH = YES;
				COPY_PHASE_STRIP = NO;
				DEBUG_INFORMATION_FORMAT = "dwarf-with-dsym";
				ENABLE_NS_ASSERTIONS = NO;
				ENABLE_STRICT_OBJC_MSGSEND = YES;
				GCC_C_LANGUAGE_STANDARD = gnu11;
				GCC_NO_COMMON_BLOCKS = YES;
				GCC_WARN_64_TO_32_BIT_CONVERSION = YES;
				GCC_WARN_ABOUT_RETURN_TYPE = YES_ERROR;
				GCC_WARN_UNDECLARED_SELECTOR = YES;
				GCC_WARN_UNINITIALIZED_AUTOS = YES_AGGRESSIVE;
				GCC_WARN_UNUSED_FUNCTION = YES;
				GCC_WARN_UNUSED_VARIABLE = YES;
				IPHONEOS_DEPLOYMENT_TARGET = 16.4;
				MTL_ENABLE_DEBUG_INFO = NO;
				MTL_FAST_MATH = YES;
				SDKROOT = iphoneos;
				SWIFT_COMPILATION_MODE = wholemodule;
				SWIFT_OPTIMIZATION_LEVEL = "-O";
				VALIDATE_PRODUCT = YES;
			};
			name = Release;
		};
		4AB1D6882A1E5D3600224211 /* Debug */ = {
			isa = XCBuildConfiguration;
			baseConfigurationReference = BA830BFE2C38CF57CA511132 /* Pods-ExDataSource.debug.xcconfig */;
			buildSettings = {
				ASSETCATALOG_COMPILER_APPICON_NAME = AppIcon;
				ASSETCATALOG_COMPILER_GLOBAL_ACCENT_COLOR_NAME = AccentColor;
				CODE_SIGN_STYLE = Automatic;
				CURRENT_PROJECT_VERSION = 1;
				DEVELOPMENT_TEAM = SS7U83UJNK;
				GENERATE_INFOPLIST_FILE = YES;
				INFOPLIST_FILE = ExDataSource/Info.plist;
				INFOPLIST_KEY_UIApplicationSupportsIndirectInputEvents = YES;
				INFOPLIST_KEY_UILaunchStoryboardName = LaunchScreen;
				INFOPLIST_KEY_UIMainStoryboardFile = Main;
				INFOPLIST_KEY_UISupportedInterfaceOrientations_iPad = "UIInterfaceOrientationPortrait UIInterfaceOrientationPortraitUpsideDown UIInterfaceOrientationLandscapeLeft UIInterfaceOrientationLandscapeRight";
				INFOPLIST_KEY_UISupportedInterfaceOrientations_iPhone = "UIInterfaceOrientationPortrait UIInterfaceOrientationLandscapeLeft UIInterfaceOrientationLandscapeRight";
				LD_RUNPATH_SEARCH_PATHS = (
					"$(inherited)",
					"@executable_path/Frameworks",
				);
				MARKETING_VERSION = 1.0;
				PRODUCT_BUNDLE_IDENTIFIER = com.jake.ExDataSource;
				PRODUCT_NAME = "$(TARGET_NAME)";
				SWIFT_EMIT_LOC_STRINGS = YES;
				SWIFT_VERSION = 5.0;
				TARGETED_DEVICE_FAMILY = "1,2";
			};
			name = Debug;
		};
		4AB1D6892A1E5D3600224211 /* Release */ = {
			isa = XCBuildConfiguration;
			baseConfigurationReference = 29BE122E74519BE527E37582 /* Pods-ExDataSource.release.xcconfig */;
			buildSettings = {
				ASSETCATALOG_COMPILER_APPICON_NAME = AppIcon;
				ASSETCATALOG_COMPILER_GLOBAL_ACCENT_COLOR_NAME = AccentColor;
				CODE_SIGN_STYLE = Automatic;
				CURRENT_PROJECT_VERSION = 1;
				DEVELOPMENT_TEAM = SS7U83UJNK;
				GENERATE_INFOPLIST_FILE = YES;
				INFOPLIST_FILE = ExDataSource/Info.plist;
				INFOPLIST_KEY_UIApplicationSupportsIndirectInputEvents = YES;
				INFOPLIST_KEY_UILaunchStoryboardName = LaunchScreen;
				INFOPLIST_KEY_UIMainStoryboardFile = Main;
				INFOPLIST_KEY_UISupportedInterfaceOrientations_iPad = "UIInterfaceOrientationPortrait UIInterfaceOrientationPortraitUpsideDown UIInterfaceOrientationLandscapeLeft UIInterfaceOrientationLandscapeRight";
				INFOPLIST_KEY_UISupportedInterfaceOrientations_iPhone = "UIInterfaceOrientationPortrait UIInterfaceOrientationLandscapeLeft UIInterfaceOrientationLandscapeRight";
				LD_RUNPATH_SEARCH_PATHS = (
					"$(inherited)",
					"@executable_path/Frameworks",
				);
				MARKETING_VERSION = 1.0;
				PRODUCT_BUNDLE_IDENTIFIER = com.jake.ExDataSource;
				PRODUCT_NAME = "$(TARGET_NAME)";
				SWIFT_EMIT_LOC_STRINGS = YES;
				SWIFT_VERSION = 5.0;
				TARGETED_DEVICE_FAMILY = "1,2";
			};
			name = Release;
		};
/* End XCBuildConfiguration section */

/* Begin XCConfigurationList section */
		4AB1D66E2A1E5D3500224211 /* Build configuration list for PBXProject "ExDataSource" */ = {
			isa = XCConfigurationList;
			buildConfigurations = (
				4AB1D6852A1E5D3600224211 /* Debug */,
				4AB1D6862A1E5D3600224211 /* Release */,
			);
			defaultConfigurationIsVisible = 0;
			defaultConfigurationName = Release;
		};
		4AB1D6872A1E5D3600224211 /* Build configuration list for PBXNativeTarget "ExDataSource" */ = {
			isa = XCConfigurationList;
			buildConfigurations = (
				4AB1D6882A1E5D3600224211 /* Debug */,
				4AB1D6892A1E5D3600224211 /* Release */,
			);
			defaultConfigurationIsVisible = 0;
			defaultConfigurationName = Release;
		};
/* End XCConfigurationList section */
	};
	rootObject = 4AB1D66B2A1E5D3500224211 /* Project object */;
}
